
Microsoft Visual Studio Solution File, Format Version 12.00
# Visual Studio 14
VisualStudioVersion = 14.0.25123.0
MinimumVisualStudioVersion = 10.0.40219.1
Project("{262852C6-CD72-467D-83FE-5EEB1973A190}") = "Spa_Template_Cordova", "Spa_Template_Cordova\Spa_Template_Cordova.jsproj", "{7B2A42F5-59BD-483F-BEDF-8457E3513E64}"
EndProject
Project("{262852C6-CD72-467D-83FE-5EEB1973A190}") = "TempCordovaServices", "TempCordovaServices\TempCordovaServices.jsproj", "{6D1706FF-2C9A-4A4F-BD6E-221A8FFD8591}"
EndProject
Project("{262852C6-CD72-467D-83FE-5EEB1973A190}") = "CustomCordovaPlugin", "CustomCordovaPlugin\CustomCordovaPlugin.jsproj", "{D1116385-20B5-48B9-A0A1-0F1BDE199C30}"
EndProject
Project("{FAE04EC0-301F-11D3-BF4B-00C04F79EFBC}") = "CordovaSamplePlugin1", "CordovaSamplePlugin1\CordovaSamplePlugin1.csproj", "{06AFFE71-F3E4-4FC6-8446-A3E066C9CA38}"
EndProject
Global
	GlobalSection(SolutionConfigurationPlatforms) = preSolution
		Debug|Android = Debug|Android
		Debug|Any CPU = Debug|Any CPU
		Debug|iOS = Debug|iOS
		Debug|Windows Phone (Universal) = Debug|Windows Phone (Universal)
		Debug|Windows Phone 8 = Debug|Windows Phone 8
		Debug|Windows-AnyCPU = Debug|Windows-AnyCPU
		Debug|Windows-ARM = Debug|Windows-ARM
		Debug|Windows-x64 = Debug|Windows-x64
		Debug|Windows-x86 = Debug|Windows-x86
		Release|Android = Release|Android
		Release|Any CPU = Release|Any CPU
		Release|iOS = Release|iOS
		Release|Windows Phone (Universal) = Release|Windows Phone (Universal)
		Release|Windows Phone 8 = Release|Windows Phone 8
		Release|Windows-AnyCPU = Release|Windows-AnyCPU
		Release|Windows-ARM = Release|Windows-ARM
		Release|Windows-x64 = Release|Windows-x64
		Release|Windows-x86 = Release|Windows-x86
	EndGlobalSection
	GlobalSection(ProjectConfigurationPlatforms) = postSolution
		{7B2A42F5-59BD-483F-BEDF-8457E3513E64}.Debug|Android.ActiveCfg = Debug|Android
		{7B2A42F5-59BD-483F-BEDF-8457E3513E64}.Debug|Android.Build.0 = Debug|Android
		{7B2A42F5-59BD-483F-BEDF-8457E3513E64}.Debug|Android.Deploy.0 = Debug|Android
		{7B2A42F5-59BD-483F-BEDF-8457E3513E64}.Debug|Any CPU.ActiveCfg = Debug|Android
		{7B2A42F5-59BD-483F-BEDF-8457E3513E64}.Debug|iOS.ActiveCfg = Debug|iOS
		{7B2A42F5-59BD-483F-BEDF-8457E3513E64}.Debug|iOS.Build.0 = Debug|iOS
		{7B2A42F5-59BD-483F-BEDF-8457E3513E64}.Debug|iOS.Deploy.0 = Debug|iOS
		{7B2A42F5-59BD-483F-BEDF-8457E3513E64}.Debug|Windows Phone (Universal).ActiveCfg = Debug|Windows Phone (Universal)
		{7B2A42F5-59BD-483F-BEDF-8457E3513E64}.Debug|Windows Phone (Universal).Build.0 = Debug|Windows Phone (Universal)
		{7B2A42F5-59BD-483F-BEDF-8457E3513E64}.Debug|Windows Phone (Universal).Deploy.0 = Debug|Windows Phone (Universal)
		{7B2A42F5-59BD-483F-BEDF-8457E3513E64}.Debug|Windows Phone 8.ActiveCfg = Debug|Windows Phone 8
		{7B2A42F5-59BD-483F-BEDF-8457E3513E64}.Debug|Windows Phone 8.Build.0 = Debug|Windows Phone 8
		{7B2A42F5-59BD-483F-BEDF-8457E3513E64}.Debug|Windows Phone 8.Deploy.0 = Debug|Windows Phone 8
		{7B2A42F5-59BD-483F-BEDF-8457E3513E64}.Debug|Windows-AnyCPU.ActiveCfg = Debug|Windows-AnyCPU
		{7B2A42F5-59BD-483F-BEDF-8457E3513E64}.Debug|Windows-AnyCPU.Build.0 = Debug|Windows-AnyCPU
		{7B2A42F5-59BD-483F-BEDF-8457E3513E64}.Debug|Windows-AnyCPU.Deploy.0 = Debug|Windows-AnyCPU
		{7B2A42F5-59BD-483F-BEDF-8457E3513E64}.Debug|Windows-ARM.ActiveCfg = Debug|Windows-ARM
		{7B2A42F5-59BD-483F-BEDF-8457E3513E64}.Debug|Windows-ARM.Build.0 = Debug|Windows-ARM
		{7B2A42F5-59BD-483F-BEDF-8457E3513E64}.Debug|Windows-ARM.Deploy.0 = Debug|Windows-ARM
		{7B2A42F5-59BD-483F-BEDF-8457E3513E64}.Debug|Windows-x64.ActiveCfg = Debug|Windows-x64
		{7B2A42F5-59BD-483F-BEDF-8457E3513E64}.Debug|Windows-x64.Build.0 = Debug|Windows-x64
		{7B2A42F5-59BD-483F-BEDF-8457E3513E64}.Debug|Windows-x64.Deploy.0 = Debug|Windows-x64
		{7B2A42F5-59BD-483F-BEDF-8457E3513E64}.Debug|Windows-x86.ActiveCfg = Debug|Windows-x86
		{7B2A42F5-59BD-483F-BEDF-8457E3513E64}.Debug|Windows-x86.Build.0 = Debug|Windows-x86
		{7B2A42F5-59BD-483F-BEDF-8457E3513E64}.Debug|Windows-x86.Deploy.0 = Debug|Windows-x86
		{7B2A42F5-59BD-483F-BEDF-8457E3513E64}.Release|Android.ActiveCfg = Release|Android
		{7B2A42F5-59BD-483F-BEDF-8457E3513E64}.Release|Android.Build.0 = Release|Android
		{7B2A42F5-59BD-483F-BEDF-8457E3513E64}.Release|Android.Deploy.0 = Release|Android
		{7B2A42F5-59BD-483F-BEDF-8457E3513E64}.Release|Any CPU.ActiveCfg = Release|Android
		{7B2A42F5-59BD-483F-BEDF-8457E3513E64}.Release|iOS.ActiveCfg = Release|iOS
		{7B2A42F5-59BD-483F-BEDF-8457E3513E64}.Release|iOS.Build.0 = Release|iOS
		{7B2A42F5-59BD-483F-BEDF-8457E3513E64}.Release|iOS.Deploy.0 = Release|iOS
		{7B2A42F5-59BD-483F-BEDF-8457E3513E64}.Release|Windows Phone (Universal).ActiveCfg = Release|Windows Phone (Universal)
		{7B2A42F5-59BD-483F-BEDF-8457E3513E64}.Release|Windows Phone (Universal).Build.0 = Release|Windows Phone (Universal)
		{7B2A42F5-59BD-483F-BEDF-8457E3513E64}.Release|Windows Phone (Universal).Deploy.0 = Release|Windows Phone (Universal)
		{7B2A42F5-59BD-483F-BEDF-8457E3513E64}.Release|Windows Phone 8.ActiveCfg = Release|Windows Phone 8
		{7B2A42F5-59BD-483F-BEDF-8457E3513E64}.Release|Windows Phone 8.Build.0 = Release|Windows Phone 8
		{7B2A42F5-59BD-483F-BEDF-8457E3513E64}.Release|Windows Phone 8.Deploy.0 = Release|Windows Phone 8
		{7B2A42F5-59BD-483F-BEDF-8457E3513E64}.Release|Windows-AnyCPU.ActiveCfg = Release|Windows-AnyCPU
		{7B2A42F5-59BD-483F-BEDF-8457E3513E64}.Release|Windows-AnyCPU.Build.0 = Release|Windows-AnyCPU
		{7B2A42F5-59BD-483F-BEDF-8457E3513E64}.Release|Windows-AnyCPU.Deploy.0 = Release|Windows-AnyCPU
		{7B2A42F5-59BD-483F-BEDF-8457E3513E64}.Release|Windows-ARM.ActiveCfg = Release|Windows-ARM
		{7B2A42F5-59BD-483F-BEDF-8457E3513E64}.Release|Windows-ARM.Build.0 = Release|Windows-ARM
		{7B2A42F5-59BD-483F-BEDF-8457E3513E64}.Release|Windows-ARM.Deploy.0 = Release|Windows-ARM
		{7B2A42F5-59BD-483F-BEDF-8457E3513E64}.Release|Windows-x64.ActiveCfg = Release|Windows-x64
		{7B2A42F5-59BD-483F-BEDF-8457E3513E64}.Release|Windows-x64.Build.0 = Release|Windows-x64
		{7B2A42F5-59BD-483F-BEDF-8457E3513E64}.Release|Windows-x64.Deploy.0 = Release|Windows-x64
		{7B2A42F5-59BD-483F-BEDF-8457E3513E64}.Release|Windows-x86.ActiveCfg = Release|Windows-x86
		{7B2A42F5-59BD-483F-BEDF-8457E3513E64}.Release|Windows-x86.Build.0 = Release|Windows-x86
		{7B2A42F5-59BD-483F-BEDF-8457E3513E64}.Release|Windows-x86.Deploy.0 = Release|Windows-x86
		{6D1706FF-2C9A-4A4F-BD6E-221A8FFD8591}.Debug|Android.ActiveCfg = Debug|Android
		{6D1706FF-2C9A-4A4F-BD6E-221A8FFD8591}.Debug|Android.Build.0 = Debug|Android
		{6D1706FF-2C9A-4A4F-BD6E-221A8FFD8591}.Debug|Android.Deploy.0 = Debug|Android
		{6D1706FF-2C9A-4A4F-BD6E-221A8FFD8591}.Debug|Any CPU.ActiveCfg = Debug|Android
		{6D1706FF-2C9A-4A4F-BD6E-221A8FFD8591}.Debug|iOS.ActiveCfg = Debug|iOS
		{6D1706FF-2C9A-4A4F-BD6E-221A8FFD8591}.Debug|iOS.Build.0 = Debug|iOS
		{6D1706FF-2C9A-4A4F-BD6E-221A8FFD8591}.Debug|iOS.Deploy.0 = Debug|iOS
		{6D1706FF-2C9A-4A4F-BD6E-221A8FFD8591}.Debug|Windows Phone (Universal).ActiveCfg = Debug|Windows Phone (Universal)
		{6D1706FF-2C9A-4A4F-BD6E-221A8FFD8591}.Debug|Windows Phone (Universal).Build.0 = Debug|Windows Phone (Universal)
		{6D1706FF-2C9A-4A4F-BD6E-221A8FFD8591}.Debug|Windows Phone (Universal).Deploy.0 = Debug|Windows Phone (Universal)
		{6D1706FF-2C9A-4A4F-BD6E-221A8FFD8591}.Debug|Windows Phone 8.ActiveCfg = Debug|Windows Phone 8
		{6D1706FF-2C9A-4A4F-BD6E-221A8FFD8591}.Debug|Windows Phone 8.Build.0 = Debug|Windows Phone 8
		{6D1706FF-2C9A-4A4F-BD6E-221A8FFD8591}.Debug|Windows Phone 8.Deploy.0 = Debug|Windows Phone 8
		{6D1706FF-2C9A-4A4F-BD6E-221A8FFD8591}.Debug|Windows-AnyCPU.ActiveCfg = Debug|Windows-AnyCPU
		{6D1706FF-2C9A-4A4F-BD6E-221A8FFD8591}.Debug|Windows-AnyCPU.Build.0 = Debug|Windows-AnyCPU
		{6D1706FF-2C9A-4A4F-BD6E-221A8FFD8591}.Debug|Windows-AnyCPU.Deploy.0 = Debug|Windows-AnyCPU
		{6D1706FF-2C9A-4A4F-BD6E-221A8FFD8591}.Debug|Windows-ARM.ActiveCfg = Debug|Windows-ARM
		{6D1706FF-2C9A-4A4F-BD6E-221A8FFD8591}.Debug|Windows-ARM.Build.0 = Debug|Windows-ARM
		{6D1706FF-2C9A-4A4F-BD6E-221A8FFD8591}.Debug|Windows-ARM.Deploy.0 = Debug|Windows-ARM
		{6D1706FF-2C9A-4A4F-BD6E-221A8FFD8591}.Debug|Windows-x64.ActiveCfg = Debug|Windows-x64
		{6D1706FF-2C9A-4A4F-BD6E-221A8FFD8591}.Debug|Windows-x64.Build.0 = Debug|Windows-x64
		{6D1706FF-2C9A-4A4F-BD6E-221A8FFD8591}.Debug|Windows-x64.Deploy.0 = Debug|Windows-x64
		{6D1706FF-2C9A-4A4F-BD6E-221A8FFD8591}.Debug|Windows-x86.ActiveCfg = Debug|Windows-x86
		{6D1706FF-2C9A-4A4F-BD6E-221A8FFD8591}.Debug|Windows-x86.Build.0 = Debug|Windows-x86
		{6D1706FF-2C9A-4A4F-BD6E-221A8FFD8591}.Debug|Windows-x86.Deploy.0 = Debug|Windows-x86
		{6D1706FF-2C9A-4A4F-BD6E-221A8FFD8591}.Release|Android.ActiveCfg = Release|Android
		{6D1706FF-2C9A-4A4F-BD6E-221A8FFD8591}.Release|Android.Build.0 = Release|Android
		{6D1706FF-2C9A-4A4F-BD6E-221A8FFD8591}.Release|Android.Deploy.0 = Release|Android
		{6D1706FF-2C9A-4A4F-BD6E-221A8FFD8591}.Release|Any CPU.ActiveCfg = Release|Android
		{6D1706FF-2C9A-4A4F-BD6E-221A8FFD8591}.Release|iOS.ActiveCfg = Release|iOS
		{6D1706FF-2C9A-4A4F-BD6E-221A8FFD8591}.Release|iOS.Build.0 = Release|iOS
		{6D1706FF-2C9A-4A4F-BD6E-221A8FFD8591}.Release|iOS.Deploy.0 = Release|iOS
		{6D1706FF-2C9A-4A4F-BD6E-221A8FFD8591}.Release|Windows Phone (Universal).ActiveCfg = Release|Windows Phone (Universal)
		{6D1706FF-2C9A-4A4F-BD6E-221A8FFD8591}.Release|Windows Phone (Universal).Build.0 = Release|Windows Phone (Universal)
		{6D1706FF-2C9A-4A4F-BD6E-221A8FFD8591}.Release|Windows Phone (Universal).Deploy.0 = Release|Windows Phone (Universal)
		{6D1706FF-2C9A-4A4F-BD6E-221A8FFD8591}.Release|Windows Phone 8.ActiveCfg = Release|Windows Phone 8
		{6D1706FF-2C9A-4A4F-BD6E-221A8FFD8591}.Release|Windows Phone 8.Build.0 = Release|Windows Phone 8
		{6D1706FF-2C9A-4A4F-BD6E-221A8FFD8591}.Release|Windows Phone 8.Deploy.0 = Release|Windows Phone 8
		{6D1706FF-2C9A-4A4F-BD6E-221A8FFD8591}.Release|Windows-AnyCPU.ActiveCfg = Release|Windows-AnyCPU
		{6D1706FF-2C9A-4A4F-BD6E-221A8FFD8591}.Release|Windows-AnyCPU.Build.0 = Release|Windows-AnyCPU
		{6D1706FF-2C9A-4A4F-BD6E-221A8FFD8591}.Release|Windows-AnyCPU.Deploy.0 = Release|Windows-AnyCPU
		{6D1706FF-2C9A-4A4F-BD6E-221A8FFD8591}.Release|Windows-ARM.ActiveCfg = Release|Windows-ARM
		{6D1706FF-2C9A-4A4F-BD6E-221A8FFD8591}.Release|Windows-ARM.Build.0 = Release|Windows-ARM
		{6D1706FF-2C9A-4A4F-BD6E-221A8FFD8591}.Release|Windows-ARM.Deploy.0 = Release|Windows-ARM
		{6D1706FF-2C9A-4A4F-BD6E-221A8FFD8591}.Release|Windows-x64.ActiveCfg = Release|Windows-x64
		{6D1706FF-2C9A-4A4F-BD6E-221A8FFD8591}.Release|Windows-x64.Build.0 = Release|Windows-x64
		{6D1706FF-2C9A-4A4F-BD6E-221A8FFD8591}.Release|Windows-x64.Deploy.0 = Release|Windows-x64
		{6D1706FF-2C9A-4A4F-BD6E-221A8FFD8591}.Release|Windows-x86.ActiveCfg = Release|Windows-x86
		{6D1706FF-2C9A-4A4F-BD6E-221A8FFD8591}.Release|Windows-x86.Build.0 = Release|Windows-x86
		{6D1706FF-2C9A-4A4F-BD6E-221A8FFD8591}.Release|Windows-x86.Deploy.0 = Release|Windows-x86
		{D1116385-20B5-48B9-A0A1-0F1BDE199C30}.Debug|Android.ActiveCfg = Debug|Android
		{D1116385-20B5-48B9-A0A1-0F1BDE199C30}.Debug|Android.Build.0 = Debug|Android
		{D1116385-20B5-48B9-A0A1-0F1BDE199C30}.Debug|Android.Deploy.0 = Debug|Android
		{D1116385-20B5-48B9-A0A1-0F1BDE199C30}.Debug|Any CPU.ActiveCfg = Debug|Android
		{D1116385-20B5-48B9-A0A1-0F1BDE199C30}.Debug|iOS.ActiveCfg = Debug|iOS
		{D1116385-20B5-48B9-A0A1-0F1BDE199C30}.Debug|iOS.Build.0 = Debug|iOS
		{D1116385-20B5-48B9-A0A1-0F1BDE199C30}.Debug|iOS.Deploy.0 = Debug|iOS
		{D1116385-20B5-48B9-A0A1-0F1BDE199C30}.Debug|Windows Phone (Universal).ActiveCfg = Debug|Windows Phone (Universal)
		{D1116385-20B5-48B9-A0A1-0F1BDE199C30}.Debug|Windows Phone (Universal).Build.0 = Debug|Windows Phone (Universal)
		{D1116385-20B5-48B9-A0A1-0F1BDE199C30}.Debug|Windows Phone (Universal).Deploy.0 = Debug|Windows Phone (Universal)
		{D1116385-20B5-48B9-A0A1-0F1BDE199C30}.Debug|Windows Phone 8.ActiveCfg = Debug|Windows Phone 8
		{D1116385-20B5-48B9-A0A1-0F1BDE199C30}.Debug|Windows Phone 8.Build.0 = Debug|Windows Phone 8
		{D1116385-20B5-48B9-A0A1-0F1BDE199C30}.Debug|Windows Phone 8.Deploy.0 = Debug|Windows Phone 8
		{D1116385-20B5-48B9-A0A1-0F1BDE199C30}.Debug|Windows-AnyCPU.ActiveCfg = Debug|Windows-AnyCPU
		{D1116385-20B5-48B9-A0A1-0F1BDE199C30}.Debug|Windows-AnyCPU.Build.0 = Debug|Windows-AnyCPU
		{D1116385-20B5-48B9-A0A1-0F1BDE199C30}.Debug|Windows-AnyCPU.Deploy.0 = Debug|Windows-AnyCPU
		{D1116385-20B5-48B9-A0A1-0F1BDE199C30}.Debug|Windows-ARM.ActiveCfg = Debug|Windows-ARM
		{D1116385-20B5-48B9-A0A1-0F1BDE199C30}.Debug|Windows-ARM.Build.0 = Debug|Windows-ARM
		{D1116385-20B5-48B9-A0A1-0F1BDE199C30}.Debug|Windows-ARM.Deploy.0 = Debug|Windows-ARM
		{D1116385-20B5-48B9-A0A1-0F1BDE199C30}.Debug|Windows-x64.ActiveCfg = Debug|Windows-x64
		{D1116385-20B5-48B9-A0A1-0F1BDE199C30}.Debug|Windows-x64.Build.0 = Debug|Windows-x64
		{D1116385-20B5-48B9-A0A1-0F1BDE199C30}.Debug|Windows-x64.Deploy.0 = Debug|Windows-x64
		{D1116385-20B5-48B9-A0A1-0F1BDE199C30}.Debug|Windows-x86.ActiveCfg = Debug|Windows-x86
		{D1116385-20B5-48B9-A0A1-0F1BDE199C30}.Debug|Windows-x86.Build.0 = Debug|Windows-x86
		{D1116385-20B5-48B9-A0A1-0F1BDE199C30}.Debug|Windows-x86.Deploy.0 = Debug|Windows-x86
		{D1116385-20B5-48B9-A0A1-0F1BDE199C30}.Release|Android.ActiveCfg = Release|Android
		{D1116385-20B5-48B9-A0A1-0F1BDE199C30}.Release|Android.Build.0 = Release|Android
		{D1116385-20B5-48B9-A0A1-0F1BDE199C30}.Release|Android.Deploy.0 = Release|Android
		{D1116385-20B5-48B9-A0A1-0F1BDE199C30}.Release|Any CPU.ActiveCfg = Release|Android
		{D1116385-20B5-48B9-A0A1-0F1BDE199C30}.Release|iOS.ActiveCfg = Release|iOS
		{D1116385-20B5-48B9-A0A1-0F1BDE199C30}.Release|iOS.Build.0 = Release|iOS
		{D1116385-20B5-48B9-A0A1-0F1BDE199C30}.Release|iOS.Deploy.0 = Release|iOS
		{D1116385-20B5-48B9-A0A1-0F1BDE199C30}.Release|Windows Phone (Universal).ActiveCfg = Release|Windows Phone (Universal)
		{D1116385-20B5-48B9-A0A1-0F1BDE199C30}.Release|Windows Phone (Universal).Build.0 = Release|Windows Phone (Universal)
		{D1116385-20B5-48B9-A0A1-0F1BDE199C30}.Release|Windows Phone (Universal).Deploy.0 = Release|Windows Phone (Universal)
		{D1116385-20B5-48B9-A0A1-0F1BDE199C30}.Release|Windows Phone 8.ActiveCfg = Release|Windows Phone 8
		{D1116385-20B5-48B9-A0A1-0F1BDE199C30}.Release|Windows Phone 8.Build.0 = Release|Windows Phone 8
		{D1116385-20B5-48B9-A0A1-0F1BDE199C30}.Release|Windows Phone 8.Deploy.0 = Release|Windows Phone 8
		{D1116385-20B5-48B9-A0A1-0F1BDE199C30}.Release|Windows-AnyCPU.ActiveCfg = Release|Windows-AnyCPU
		{D1116385-20B5-48B9-A0A1-0F1BDE199C30}.Release|Windows-AnyCPU.Build.0 = Release|Windows-AnyCPU
		{D1116385-20B5-48B9-A0A1-0F1BDE199C30}.Release|Windows-AnyCPU.Deploy.0 = Release|Windows-AnyCPU
		{D1116385-20B5-48B9-A0A1-0F1BDE199C30}.Release|Windows-ARM.ActiveCfg = Release|Windows-ARM
		{D1116385-20B5-48B9-A0A1-0F1BDE199C30}.Release|Windows-ARM.Build.0 = Release|Windows-ARM
		{D1116385-20B5-48B9-A0A1-0F1BDE199C30}.Release|Windows-ARM.Deploy.0 = Release|Windows-ARM
		{D1116385-20B5-48B9-A0A1-0F1BDE199C30}.Release|Windows-x64.ActiveCfg = Release|Windows-x64
		{D1116385-20B5-48B9-A0A1-0F1BDE199C30}.Release|Windows-x64.Build.0 = Release|Windows-x64
		{D1116385-20B5-48B9-A0A1-0F1BDE199C30}.Release|Windows-x64.Deploy.0 = Release|Windows-x64
		{D1116385-20B5-48B9-A0A1-0F1BDE199C30}.Release|Windows-x86.ActiveCfg = Release|Windows-x86
		{D1116385-20B5-48B9-A0A1-0F1BDE199C30}.Release|Windows-x86.Build.0 = Release|Windows-x86
		{D1116385-20B5-48B9-A0A1-0F1BDE199C30}.Release|Windows-x86.Deploy.0 = Release|Windows-x86
		{06AFFE71-F3E4-4FC6-8446-A3E066C9CA38}.Debug|Android.ActiveCfg = Debug|Any CPU
		{06AFFE71-F3E4-4FC6-8446-A3E066C9CA38}.Debug|Android.Build.0 = Debug|Any CPU
		{06AFFE71-F3E4-4FC6-8446-A3E066C9CA38}.Debug|Any CPU.ActiveCfg = Debug|Any CPU
		{06AFFE71-F3E4-4FC6-8446-A3E066C9CA38}.Debug|Any CPU.Build.0 = Debug|Any CPU
		{06AFFE71-F3E4-4FC6-8446-A3E066C9CA38}.Debug|iOS.ActiveCfg = Debug|Any CPU
		{06AFFE71-F3E4-4FC6-8446-A3E066C9CA38}.Debug|iOS.Build.0 = Debug|Any CPU
		{06AFFE71-F3E4-4FC6-8446-A3E066C9CA38}.Debug|Windows Phone (Universal).ActiveCfg = Debug|Any CPU
		{06AFFE71-F3E4-4FC6-8446-A3E066C9CA38}.Debug|Windows Phone (Universal).Build.0 = Debug|Any CPU
		{06AFFE71-F3E4-4FC6-8446-A3E066C9CA38}.Debug|Windows Phone 8.ActiveCfg = Debug|Any CPU
		{06AFFE71-F3E4-4FC6-8446-A3E066C9CA38}.Debug|Windows Phone 8.Build.0 = Debug|Any CPU
		{06AFFE71-F3E4-4FC6-8446-A3E066C9CA38}.Debug|Windows-AnyCPU.ActiveCfg = Debug|Any CPU
		{06AFFE71-F3E4-4FC6-8446-A3E066C9CA38}.Debug|Windows-AnyCPU.Build.0 = Debug|Any CPU
		{06AFFE71-F3E4-4FC6-8446-A3E066C9CA38}.Debug|Windows-ARM.ActiveCfg = Debug|Any CPU
		{06AFFE71-F3E4-4FC6-8446-A3E066C9CA38}.Debug|Windows-ARM.Build.0 = Debug|Any CPU
		{06AFFE71-F3E4-4FC6-8446-A3E066C9CA38}.Debug|Windows-x64.ActiveCfg = Debug|Any CPU
		{06AFFE71-F3E4-4FC6-8446-A3E066C9CA38}.Debug|Windows-x64.Build.0 = Debug|Any CPU
		{06AFFE71-F3E4-4FC6-8446-A3E066C9CA38}.Debug|Windows-x86.ActiveCfg = Debug|Any CPU
		{06AFFE71-F3E4-4FC6-8446-A3E066C9CA38}.Debug|Windows-x86.Build.0 = Debug|Any CPU
		{06AFFE71-F3E4-4FC6-8446-A3E066C9CA38}.Release|Android.ActiveCfg = Release|Any CPU
		{06AFFE71-F3E4-4FC6-8446-A3E066C9CA38}.Release|Android.Build.0 = Release|Any CPU
		{06AFFE71-F3E4-4FC6-8446-A3E066C9CA38}.Release|Any CPU.ActiveCfg = Release|Any CPU
		{06AFFE71-F3E4-4FC6-8446-A3E066C9CA38}.Release|Any CPU.Build.0 = Release|Any CPU
		{06AFFE71-F3E4-4FC6-8446-A3E066C9CA38}.Release|iOS.ActiveCfg = Release|Any CPU
		{06AFFE71-F3E4-4FC6-8446-A3E066C9CA38}.Release|iOS.Build.0 = Release|Any CPU
		{06AFFE71-F3E4-4FC6-8446-A3E066C9CA38}.Release|Windows Phone (Universal).ActiveCfg = Release|Any CPU
		{06AFFE71-F3E4-4FC6-8446-A3E066C9CA38}.Release|Windows Phone (Universal).Build.0 = Release|Any CPU
		{06AFFE71-F3E4-4FC6-8446-A3E066C9CA38}.Release|Windows Phone 8.ActiveCfg = Release|Any CPU
		{06AFFE71-F3E4-4FC6-8446-A3E066C9CA38}.Release|Windows Phone 8.Build.0 = Release|Any CPU
		{06AFFE71-F3E4-4FC6-8446-A3E066C9CA38}.Release|Windows-AnyCPU.ActiveCfg = Release|Any CPU
		{06AFFE71-F3E4-4FC6-8446-A3E066C9CA38}.Release|Windows-AnyCPU.Build.0 = Release|Any CPU
		{06AFFE71-F3E4-4FC6-8446-A3E066C9CA38}.Release|Windows-ARM.ActiveCfg = Release|Any CPU
		{06AFFE71-F3E4-4FC6-8446-A3E066C9CA38}.Release|Windows-ARM.Build.0 = Release|Any CPU
		{06AFFE71-F3E4-4FC6-8446-A3E066C9CA38}.Release|Windows-x64.ActiveCfg = Release|Any CPU
		{06AFFE71-F3E4-4FC6-8446-A3E066C9CA38}.Release|Windows-x64.Build.0 = Release|Any CPU
		{06AFFE71-F3E4-4FC6-8446-A3E066C9CA38}.Release|Windows-x86.ActiveCfg = Release|Any CPU
		{06AFFE71-F3E4-4FC6-8446-A3E066C9CA38}.Release|Windows-x86.Build.0 = Release|Any CPU
	EndGlobalSection
	GlobalSection(SolutionProperties) = preSolution
		HideSolutionNode = FALSE
	EndGlobalSection
EndGlobal
